
Microsoft Visual Studio Solution File, Format Version 12.00
# Visual Studio Version 17
VisualStudioVersion = 17.4.33213.308
MinimumVisualStudioVersion = 10.0.40219.1
Project("{8BC9CEB8-8B4A-11D0-8D11-00A0C91BC942}") = "main", "main\main.vcxproj", "{ACF0D38C-B072-46F3-A56D-F91C16CA792C}"
EndProject
Project("{8BC9CEB8-8B4A-11D0-8D11-00A0C91BC942}") = "defunction", "defunction\defunction.vcxproj", "{C41FFA4E-23A0-4FED-80EF-680B60F4EF94}"
EndProject
Project("{8BC9CEB8-8B4A-11D0-8D11-00A0C91BC942}") = "original", "original\original.vcxproj", "{FB6F2FE6-B5E6-4A08-B889-E02C4BEF7D35}"
EndProject
Project("{8BC9CEB8-8B4A-11D0-8D11-00A0C91BC942}") = "project2", "project2\project2.vcxproj", "{CA0E7B35-24DB-44A8-9E37-70992A98976F}"
EndProject
Project("{8BC9CEB8-8B4A-11D0-8D11-00A0C91BC942}") = "examen", "examen\examen.vcxproj", "{061DC39C-F23B-4F4A-9EBA-CC9998F7656D}"
EndProject
Project("{8BC9CEB8-8B4A-11D0-8D11-00A0C91BC942}") = "final_project", "final_project\final_project.vcxproj", "{FBF72C90-1B05-43D7-A967-96091D71201A}"
EndProject
Project("{8BC9CEB8-8B4A-11D0-8D11-00A0C91BC942}") = "pr", "pr\pr.vcxproj", "{83FCC0F8-554D-4B29-BE74-C1A03C729BB7}"
EndProject
Project("{8BC9CEB8-8B4A-11D0-8D11-00A0C91BC942}") = "for_dz", "for_dz\for_dz.vcxproj", "{5EE64A20-ADEA-4BBD-A69A-6B08A1C4DE8F}"
EndProject
Project("{8BC9CEB8-8B4A-11D0-8D11-00A0C91BC942}") = "pr1", "pr1\pr1.vcxproj", "{369843B8-15D7-4926-9597-248D59D750C9}"
EndProject
Project("{8BC9CEB8-8B4A-11D0-8D11-00A0C91BC942}") = "pr2", "pr2\pr2.vcxproj", "{A8A98F92-C5B0-4B2A-819D-52896B112651}"
EndProject
Project("{8BC9CEB8-8B4A-11D0-8D11-00A0C91BC942}") = "ex2", "ex2\ex2.vcxproj", "{6D8340AE-4AB4-49CB-BD64-E4D5554EAAFA}"
EndProject
Project("{8BC9CEB8-8B4A-11D0-8D11-00A0C91BC942}") = "1", "1\1.vcxproj", "{7FB52E07-C560-4E4C-BF46-A61D91F2FBEB}"
EndProject
Project("{8BC9CEB8-8B4A-11D0-8D11-00A0C91BC942}") = "2", "2\2.vcxproj", "{873AB61A-E629-4256-9A50-8CAC2E60CFBF}"
EndProject
Project("{8BC9CEB8-8B4A-11D0-8D11-00A0C91BC942}") = "OOP", "3\3.vcxproj", "{A5402BE0-CC50-41FE-9969-CC976B7CDA36}"
EndProject
Project("{8BC9CEB8-8B4A-11D0-8D11-00A0C91BC942}") = "4", "4\4.vcxproj", "{290F770D-E560-4CAC-86C8-ADDC35634321}"
EndProject
Project("{8BC9CEB8-8B4A-11D0-8D11-00A0C91BC942}") = "5", "5\5.vcxproj", "{DC7C0981-C764-4DF2-AD78-AC56532BD1A2}"
EndProject
Project("{8BC9CEB8-8B4A-11D0-8D11-00A0C91BC942}") = "6", "6\6.vcxproj", "{FF7324E9-5D34-44B6-B2FD-2B7E9EFFBC4B}"
EndProject
Project("{8BC9CEB8-8B4A-11D0-8D11-00A0C91BC942}") = "7", "7\7.vcxproj", "{CA37296A-1F61-421B-A1CE-DE9DC3C5BA78}"
EndProject
Project("{8BC9CEB8-8B4A-11D0-8D11-00A0C91BC942}") = "8", "8\8.vcxproj", "{4698BE6A-9BA0-4904-AF6B-F770668A803B}"
EndProject
Global
	GlobalSection(SolutionConfigurationPlatforms) = preSolution
		Debug|x64 = Debug|x64
		Debug|x86 = Debug|x86
		Release|x64 = Release|x64
		Release|x86 = Release|x86
	EndGlobalSection
	GlobalSection(ProjectConfigurationPlatforms) = postSolution
		{ACF0D38C-B072-46F3-A56D-F91C16CA792C}.Debug|x64.ActiveCfg = Debug|x64
		{ACF0D38C-B072-46F3-A56D-F91C16CA792C}.Debug|x64.Build.0 = Debug|x64
		{ACF0D38C-B072-46F3-A56D-F91C16CA792C}.Debug|x86.ActiveCfg = Debug|Win32
		{ACF0D38C-B072-46F3-A56D-F91C16CA792C}.Debug|x86.Build.0 = Debug|Win32
		{ACF0D38C-B072-46F3-A56D-F91C16CA792C}.Release|x64.ActiveCfg = Release|x64
		{ACF0D38C-B072-46F3-A56D-F91C16CA792C}.Release|x64.Build.0 = Release|x64
		{ACF0D38C-B072-46F3-A56D-F91C16CA792C}.Release|x86.ActiveCfg = Release|Win32
		{ACF0D38C-B072-46F3-A56D-F91C16CA792C}.Release|x86.Build.0 = Release|Win32
		{C41FFA4E-23A0-4FED-80EF-680B60F4EF94}.Debug|x64.ActiveCfg = Debug|x64
		{C41FFA4E-23A0-4FED-80EF-680B60F4EF94}.Debug|x64.Build.0 = Debug|x64
		{C41FFA4E-23A0-4FED-80EF-680B60F4EF94}.Debug|x86.ActiveCfg = Debug|Win32
		{C41FFA4E-23A0-4FED-80EF-680B60F4EF94}.Debug|x86.Build.0 = Debug|Win32
		{C41FFA4E-23A0-4FED-80EF-680B60F4EF94}.Release|x64.ActiveCfg = Release|x64
		{C41FFA4E-23A0-4FED-80EF-680B60F4EF94}.Release|x64.Build.0 = Release|x64
		{C41FFA4E-23A0-4FED-80EF-680B60F4EF94}.Release|x86.ActiveCfg = Release|Win32
		{C41FFA4E-23A0-4FED-80EF-680B60F4EF94}.Release|x86.Build.0 = Release|Win32
		{FB6F2FE6-B5E6-4A08-B889-E02C4BEF7D35}.Debug|x64.ActiveCfg = Debug|x64
		{FB6F2FE6-B5E6-4A08-B889-E02C4BEF7D35}.Debug|x64.Build.0 = Debug|x64
		{FB6F2FE6-B5E6-4A08-B889-E02C4BEF7D35}.Debug|x86.ActiveCfg = Debug|Win32
		{FB6F2FE6-B5E6-4A08-B889-E02C4BEF7D35}.Debug|x86.Build.0 = Debug|Win32
		{FB6F2FE6-B5E6-4A08-B889-E02C4BEF7D35}.Release|x64.ActiveCfg = Release|x64
		{FB6F2FE6-B5E6-4A08-B889-E02C4BEF7D35}.Release|x64.Build.0 = Release|x64
		{FB6F2FE6-B5E6-4A08-B889-E02C4BEF7D35}.Release|x86.ActiveCfg = Release|Win32
		{FB6F2FE6-B5E6-4A08-B889-E02C4BEF7D35}.Release|x86.Build.0 = Release|Win32
		{CA0E7B35-24DB-44A8-9E37-70992A98976F}.Debug|x64.ActiveCfg = Debug|x64
		{CA0E7B35-24DB-44A8-9E37-70992A98976F}.Debug|x64.Build.0 = Debug|x64
		{CA0E7B35-24DB-44A8-9E37-70992A98976F}.Debug|x86.ActiveCfg = Debug|Win32
		{CA0E7B35-24DB-44A8-9E37-70992A98976F}.Debug|x86.Build.0 = Debug|Win32
		{CA0E7B35-24DB-44A8-9E37-70992A98976F}.Release|x64.ActiveCfg = Release|x64
		{CA0E7B35-24DB-44A8-9E37-70992A98976F}.Release|x64.Build.0 = Release|x64
		{CA0E7B35-24DB-44A8-9E37-70992A98976F}.Release|x86.ActiveCfg = Release|Win32
		{CA0E7B35-24DB-44A8-9E37-70992A98976F}.Release|x86.Build.0 = Release|Win32
		{061DC39C-F23B-4F4A-9EBA-CC9998F7656D}.Debug|x64.ActiveCfg = Debug|x64
		{061DC39C-F23B-4F4A-9EBA-CC9998F7656D}.Debug|x64.Build.0 = Debug|x64
		{061DC39C-F23B-4F4A-9EBA-CC9998F7656D}.Debug|x86.ActiveCfg = Debug|Win32
		{061DC39C-F23B-4F4A-9EBA-CC9998F7656D}.Debug|x86.Build.0 = Debug|Win32
		{061DC39C-F23B-4F4A-9EBA-CC9998F7656D}.Release|x64.ActiveCfg = Release|x64
		{061DC39C-F23B-4F4A-9EBA-CC9998F7656D}.Release|x64.Build.0 = Release|x64
		{061DC39C-F23B-4F4A-9EBA-CC9998F7656D}.Release|x86.ActiveCfg = Release|Win32
		{061DC39C-F23B-4F4A-9EBA-CC9998F7656D}.Release|x86.Build.0 = Release|Win32
		{FBF72C90-1B05-43D7-A967-96091D71201A}.Debug|x64.ActiveCfg = Debug|x64
		{FBF72C90-1B05-43D7-A967-96091D71201A}.Debug|x64.Build.0 = Debug|x64
		{FBF72C90-1B05-43D7-A967-96091D71201A}.Debug|x86.ActiveCfg = Debug|Win32
		{FBF72C90-1B05-43D7-A967-96091D71201A}.Debug|x86.Build.0 = Debug|Win32
		{FBF72C90-1B05-43D7-A967-96091D71201A}.Release|x64.ActiveCfg = Release|x64
		{FBF72C90-1B05-43D7-A967-96091D71201A}.Release|x64.Build.0 = Release|x64
		{FBF72C90-1B05-43D7-A967-96091D71201A}.Release|x86.ActiveCfg = Release|Win32
		{FBF72C90-1B05-43D7-A967-96091D71201A}.Release|x86.Build.0 = Release|Win32
		{83FCC0F8-554D-4B29-BE74-C1A03C729BB7}.Debug|x64.ActiveCfg = Debug|x64
		{83FCC0F8-554D-4B29-BE74-C1A03C729BB7}.Debug|x64.Build.0 = Debug|x64
		{83FCC0F8-554D-4B29-BE74-C1A03C729BB7}.Debug|x86.ActiveCfg = Debug|Win32
		{83FCC0F8-554D-4B29-BE74-C1A03C729BB7}.Debug|x86.Build.0 = Debug|Win32
		{83FCC0F8-554D-4B29-BE74-C1A03C729BB7}.Release|x64.ActiveCfg = Release|x64
		{83FCC0F8-554D-4B29-BE74-C1A03C729BB7}.Release|x64.Build.0 = Release|x64
		{83FCC0F8-554D-4B29-BE74-C1A03C729BB7}.Release|x86.ActiveCfg = Release|Win32
		{83FCC0F8-554D-4B29-BE74-C1A03C729BB7}.Release|x86.Build.0 = Release|Win32
		{5EE64A20-ADEA-4BBD-A69A-6B08A1C4DE8F}.Debug|x64.ActiveCfg = Debug|x64
		{5EE64A20-ADEA-4BBD-A69A-6B08A1C4DE8F}.Debug|x64.Build.0 = Debug|x64
		{5EE64A20-ADEA-4BBD-A69A-6B08A1C4DE8F}.Debug|x86.ActiveCfg = Debug|Win32
		{5EE64A20-ADEA-4BBD-A69A-6B08A1C4DE8F}.Debug|x86.Build.0 = Debug|Win32
		{5EE64A20-ADEA-4BBD-A69A-6B08A1C4DE8F}.Release|x64.ActiveCfg = Release|x64
		{5EE64A20-ADEA-4BBD-A69A-6B08A1C4DE8F}.Release|x64.Build.0 = Release|x64
		{5EE64A20-ADEA-4BBD-A69A-6B08A1C4DE8F}.Release|x86.ActiveCfg = Release|Win32
		{5EE64A20-ADEA-4BBD-A69A-6B08A1C4DE8F}.Release|x86.Build.0 = Release|Win32
		{369843B8-15D7-4926-9597-248D59D750C9}.Debug|x64.ActiveCfg = Debug|x64
		{369843B8-15D7-4926-9597-248D59D750C9}.Debug|x64.Build.0 = Debug|x64
		{369843B8-15D7-4926-9597-248D59D750C9}.Debug|x86.ActiveCfg = Debug|Win32
		{369843B8-15D7-4926-9597-248D59D750C9}.Debug|x86.Build.0 = Debug|Win32
		{369843B8-15D7-4926-9597-248D59D750C9}.Release|x64.ActiveCfg = Release|x64
		{369843B8-15D7-4926-9597-248D59D750C9}.Release|x64.Build.0 = Release|x64
		{369843B8-15D7-4926-9597-248D59D750C9}.Release|x86.ActiveCfg = Release|Win32
		{369843B8-15D7-4926-9597-248D59D750C9}.Release|x86.Build.0 = Release|Win32
		{A8A98F92-C5B0-4B2A-819D-52896B112651}.Debug|x64.ActiveCfg = Debug|x64
		{A8A98F92-C5B0-4B2A-819D-52896B112651}.Debug|x64.Build.0 = Debug|x64
		{A8A98F92-C5B0-4B2A-819D-52896B112651}.Debug|x86.ActiveCfg = Debug|Win32
		{A8A98F92-C5B0-4B2A-819D-52896B112651}.Debug|x86.Build.0 = Debug|Win32
		{A8A98F92-C5B0-4B2A-819D-52896B112651}.Release|x64.ActiveCfg = Release|x64
		{A8A98F92-C5B0-4B2A-819D-52896B112651}.Release|x64.Build.0 = Release|x64
		{A8A98F92-C5B0-4B2A-819D-52896B112651}.Release|x86.ActiveCfg = Release|Win32
		{A8A98F92-C5B0-4B2A-819D-52896B112651}.Release|x86.Build.0 = Release|Win32
		{6D8340AE-4AB4-49CB-BD64-E4D5554EAAFA}.Debug|x64.ActiveCfg = Debug|x64
		{6D8340AE-4AB4-49CB-BD64-E4D5554EAAFA}.Debug|x64.Build.0 = Debug|x64
		{6D8340AE-4AB4-49CB-BD64-E4D5554EAAFA}.Debug|x86.ActiveCfg = Debug|Win32
		{6D8340AE-4AB4-49CB-BD64-E4D5554EAAFA}.Debug|x86.Build.0 = Debug|Win32
		{6D8340AE-4AB4-49CB-BD64-E4D5554EAAFA}.Release|x64.ActiveCfg = Release|x64
		{6D8340AE-4AB4-49CB-BD64-E4D5554EAAFA}.Release|x64.Build.0 = Release|x64
		{6D8340AE-4AB4-49CB-BD64-E4D5554EAAFA}.Release|x86.ActiveCfg = Release|Win32
		{6D8340AE-4AB4-49CB-BD64-E4D5554EAAFA}.Release|x86.Build.0 = Release|Win32
		{7FB52E07-C560-4E4C-BF46-A61D91F2FBEB}.Debug|x64.ActiveCfg = Debug|x64
		{7FB52E07-C560-4E4C-BF46-A61D91F2FBEB}.Debug|x64.Build.0 = Debug|x64
		{7FB52E07-C560-4E4C-BF46-A61D91F2FBEB}.Debug|x86.ActiveCfg = Debug|Win32
		{7FB52E07-C560-4E4C-BF46-A61D91F2FBEB}.Debug|x86.Build.0 = Debug|Win32
		{7FB52E07-C560-4E4C-BF46-A61D91F2FBEB}.Release|x64.ActiveCfg = Release|x64
		{7FB52E07-C560-4E4C-BF46-A61D91F2FBEB}.Release|x64.Build.0 = Release|x64
		{7FB52E07-C560-4E4C-BF46-A61D91F2FBEB}.Release|x86.ActiveCfg = Release|Win32
		{7FB52E07-C560-4E4C-BF46-A61D91F2FBEB}.Release|x86.Build.0 = Release|Win32
		{873AB61A-E629-4256-9A50-8CAC2E60CFBF}.Debug|x64.ActiveCfg = Debug|x64
		{873AB61A-E629-4256-9A50-8CAC2E60CFBF}.Debug|x64.Build.0 = Debug|x64
		{873AB61A-E629-4256-9A50-8CAC2E60CFBF}.Debug|x86.ActiveCfg = Debug|Win32
		{873AB61A-E629-4256-9A50-8CAC2E60CFBF}.Debug|x86.Build.0 = Debug|Win32
		{873AB61A-E629-4256-9A50-8CAC2E60CFBF}.Release|x64.ActiveCfg = Release|x64
		{873AB61A-E629-4256-9A50-8CAC2E60CFBF}.Release|x64.Build.0 = Release|x64
		{873AB61A-E629-4256-9A50-8CAC2E60CFBF}.Release|x86.ActiveCfg = Release|Win32
		{873AB61A-E629-4256-9A50-8CAC2E60CFBF}.Release|x86.Build.0 = Release|Win32
		{A5402BE0-CC50-41FE-9969-CC976B7CDA36}.Debug|x64.ActiveCfg = Debug|x64
		{A5402BE0-CC50-41FE-9969-CC976B7CDA36}.Debug|x64.Build.0 = Debug|x64
		{A5402BE0-CC50-41FE-9969-CC976B7CDA36}.Debug|x86.ActiveCfg = Debug|Win32
		{A5402BE0-CC50-41FE-9969-CC976B7CDA36}.Debug|x86.Build.0 = Debug|Win32
		{A5402BE0-CC50-41FE-9969-CC976B7CDA36}.Release|x64.ActiveCfg = Release|x64
		{A5402BE0-CC50-41FE-9969-CC976B7CDA36}.Release|x64.Build.0 = Release|x64
		{A5402BE0-CC50-41FE-9969-CC976B7CDA36}.Release|x86.ActiveCfg = Release|Win32
		{A5402BE0-CC50-41FE-9969-CC976B7CDA36}.Release|x86.Build.0 = Release|Win32
		{290F770D-E560-4CAC-86C8-ADDC35634321}.Debug|x64.ActiveCfg = Debug|x64
		{290F770D-E560-4CAC-86C8-ADDC35634321}.Debug|x64.Build.0 = Debug|x64
		{290F770D-E560-4CAC-86C8-ADDC35634321}.Debug|x86.ActiveCfg = Debug|Win32
		{290F770D-E560-4CAC-86C8-ADDC35634321}.Debug|x86.Build.0 = Debug|Win32
		{290F770D-E560-4CAC-86C8-ADDC35634321}.Release|x64.ActiveCfg = Release|x64
		{290F770D-E560-4CAC-86C8-ADDC35634321}.Release|x64.Build.0 = Release|x64
		{290F770D-E560-4CAC-86C8-ADDC35634321}.Release|x86.ActiveCfg = Release|Win32
		{290F770D-E560-4CAC-86C8-ADDC35634321}.Release|x86.Build.0 = Release|Win32
		{DC7C0981-C764-4DF2-AD78-AC56532BD1A2}.Debug|x64.ActiveCfg = Debug|x64
		{DC7C0981-C764-4DF2-AD78-AC56532BD1A2}.Debug|x64.Build.0 = Debug|x64
		{DC7C0981-C764-4DF2-AD78-AC56532BD1A2}.Debug|x86.ActiveCfg = Debug|Win32
		{DC7C0981-C764-4DF2-AD78-AC56532BD1A2}.Debug|x86.Build.0 = Debug|Win32
		{DC7C0981-C764-4DF2-AD78-AC56532BD1A2}.Release|x64.ActiveCfg = Release|x64
		{DC7C0981-C764-4DF2-AD78-AC56532BD1A2}.Release|x64.Build.0 = Release|x64
		{DC7C0981-C764-4DF2-AD78-AC56532BD1A2}.Release|x86.ActiveCfg = Release|Win32
		{DC7C0981-C764-4DF2-AD78-AC56532BD1A2}.Release|x86.Build.0 = Release|Win32
		{FF7324E9-5D34-44B6-B2FD-2B7E9EFFBC4B}.Debug|x64.ActiveCfg = Debug|x64
		{FF7324E9-5D34-44B6-B2FD-2B7E9EFFBC4B}.Debug|x64.Build.0 = Debug|x64
		{FF7324E9-5D34-44B6-B2FD-2B7E9EFFBC4B}.Debug|x86.ActiveCfg = Debug|Win32
		{FF7324E9-5D34-44B6-B2FD-2B7E9EFFBC4B}.Debug|x86.Build.0 = Debug|Win32
		{FF7324E9-5D34-44B6-B2FD-2B7E9EFFBC4B}.Release|x64.ActiveCfg = Release|x64
		{FF7324E9-5D34-44B6-B2FD-2B7E9EFFBC4B}.Release|x64.Build.0 = Release|x64
		{FF7324E9-5D34-44B6-B2FD-2B7E9EFFBC4B}.Release|x86.ActiveCfg = Release|Win32
		{FF7324E9-5D34-44B6-B2FD-2B7E9EFFBC4B}.Release|x86.Build.0 = Release|Win32
		{CA37296A-1F61-421B-A1CE-DE9DC3C5BA78}.Debug|x64.ActiveCfg = Debug|x64
		{CA37296A-1F61-421B-A1CE-DE9DC3C5BA78}.Debug|x64.Build.0 = Debug|x64
		{CA37296A-1F61-421B-A1CE-DE9DC3C5BA78}.Debug|x86.ActiveCfg = Debug|Win32
		{CA37296A-1F61-421B-A1CE-DE9DC3C5BA78}.Debug|x86.Build.0 = Debug|Win32
		{CA37296A-1F61-421B-A1CE-DE9DC3C5BA78}.Release|x64.ActiveCfg = Release|x64
		{CA37296A-1F61-421B-A1CE-DE9DC3C5BA78}.Release|x64.Build.0 = Release|x64
		{CA37296A-1F61-421B-A1CE-DE9DC3C5BA78}.Release|x86.ActiveCfg = Release|Win32
		{CA37296A-1F61-421B-A1CE-DE9DC3C5BA78}.Release|x86.Build.0 = Release|Win32
		{4698BE6A-9BA0-4904-AF6B-F770668A803B}.Debug|x64.ActiveCfg = Debug|x64
		{4698BE6A-9BA0-4904-AF6B-F770668A803B}.Debug|x64.Build.0 = Debug|x64
		{4698BE6A-9BA0-4904-AF6B-F770668A803B}.Debug|x86.ActiveCfg = Debug|Win32
		{4698BE6A-9BA0-4904-AF6B-F770668A803B}.Debug|x86.Build.0 = Debug|Win32
		{4698BE6A-9BA0-4904-AF6B-F770668A803B}.Release|x64.ActiveCfg = Release|x64
		{4698BE6A-9BA0-4904-AF6B-F770668A803B}.Release|x64.Build.0 = Release|x64
		{4698BE6A-9BA0-4904-AF6B-F770668A803B}.Release|x86.ActiveCfg = Release|Win32
		{4698BE6A-9BA0-4904-AF6B-F770668A803B}.Release|x86.Build.0 = Release|Win32
	EndGlobalSection
	GlobalSection(SolutionProperties) = preSolution
		HideSolutionNode = FALSE
	EndGlobalSection
	GlobalSection(ExtensibilityGlobals) = postSolution
		SolutionGuid = {DEB2306B-923D-4B4B-B218-C4654F24DA30}
	EndGlobalSection
EndGlobal
